{
  "name": "kyvshield-rest-sdk-test",
  "lockfileVersion": 3,
  "requires": true,
  "packages": {
    "": {
      "name": "kyvshield-rest-sdk-test",
      "dependencies": {
        "@kyvshield/rest-sdk": "^1.0.1"
      }
    },
    "node_modules/@kyvshield/rest-sdk": {
      "version": "1.0.1",
      "resolved": "https://registry.npmjs.org/@kyvshield/rest-sdk/-/rest-sdk-1.0.1.tgz",
      "integrity": "sha512-6qFMliuRgqphqiBzwJJ2pkGIe/HaxwOrWZBW6/Qcu6DPIi8oxUtpqVH/ZaAvhGPw5J3NwaLYQrQT2hmNOfsNJA==",
      "engines": {
        "node": ">=18.0.0"
      }
    }
  }
}
